
Microsoft Visual Studio Solution File, Format Version 11.00
# Visual Studio 2010
Project("{FAE04EC0-301F-11D3-BF4B-00C04F79EFBC}") = "Project Xiuhcoatl", "Assembly-CSharp.csproj", "{CBC9B960-5ADE-BC8D-1094-044E32623905}"
EndProject
Project("{FAE04EC0-301F-11D3-BF4B-00C04F79EFBC}") = "Project Xiuhcoatl", "Assembly-CSharp-firstpass.csproj", "{0BA559E5-2573-58A2-1F27-07D871107283}"
EndProject
Project("{FAE04EC0-301F-11D3-BF4B-00C04F79EFBC}") = "Project Xiuhcoatl", "Assembly-CSharp-Editor.csproj", "{84645C11-1EA8-B541-93BA-61A61F84F0FF}"
EndProject
Global
	GlobalSection(SolutionConfigurationPlatforms) = preSolution
		Debug|Any CPU = Debug|Any CPU
		Release|Any CPU = Release|Any CPU
	EndGlobalSection
	GlobalSection(ProjectConfigurationPlatforms) = postSolution
		{CBC9B960-5ADE-BC8D-1094-044E32623905}.Debug|Any CPU.ActiveCfg = Debug|Any CPU
		{CBC9B960-5ADE-BC8D-1094-044E32623905}.Debug|Any CPU.Build.0 = Debug|Any CPU
		{CBC9B960-5ADE-BC8D-1094-044E32623905}.Release|Any CPU.ActiveCfg = Release|Any CPU
		{CBC9B960-5ADE-BC8D-1094-044E32623905}.Release|Any CPU.Build.0 = Release|Any CPU
		{0BA559E5-2573-58A2-1F27-07D871107283}.Debug|Any CPU.ActiveCfg = Debug|Any CPU
		{0BA559E5-2573-58A2-1F27-07D871107283}.Debug|Any CPU.Build.0 = Debug|Any CPU
		{0BA559E5-2573-58A2-1F27-07D871107283}.Release|Any CPU.ActiveCfg = Release|Any CPU
		{0BA559E5-2573-58A2-1F27-07D871107283}.Release|Any CPU.Build.0 = Release|Any CPU
		{84645C11-1EA8-B541-93BA-61A61F84F0FF}.Debug|Any CPU.ActiveCfg = Debug|Any CPU
		{84645C11-1EA8-B541-93BA-61A61F84F0FF}.Debug|Any CPU.Build.0 = Debug|Any CPU
		{84645C11-1EA8-B541-93BA-61A61F84F0FF}.Release|Any CPU.ActiveCfg = Release|Any CPU
		{84645C11-1EA8-B541-93BA-61A61F84F0FF}.Release|Any CPU.Build.0 = Release|Any CPU
	EndGlobalSection
	GlobalSection(SolutionProperties) = preSolution
		HideSolutionNode = FALSE
	EndGlobalSection
	GlobalSection(MonoDevelopProperties) = preSolution
		StartupItem = Assembly-CSharp.csproj
	EndGlobalSection
EndGlobal
